// !$*UTF8*$!
{
	archiveVersion = 1;
	classes = {
	};
	objectVersion = 56;
	objects = {

/* Begin PBXBuildFile section */
		0130E0752B203FF80072AC62 /* LearningModel.swift in Sources */ = {isa = PBXBuildFile; fileRef = 0130E0742B203FF80072AC62 /* LearningModel.swift */; };
		013747DA2AF7B69F002C3DE4 /* LearningViewController.swift in Sources */ = {isa = PBXBuildFile; fileRef = 013747D92AF7B69F002C3DE4 /* LearningViewController.swift */; };
		013747DC2AF8B629002C3DE4 /* ResultViewController.swift in Sources */ = {isa = PBXBuildFile; fileRef = 013747DB2AF8B629002C3DE4 /* ResultViewController.swift */; };
		013747E02AFCA40D002C3DE4 /* DetailDiseaseViewController.swift in Sources */ = {isa = PBXBuildFile; fileRef = 013747DF2AFCA40D002C3DE4 /* DetailDiseaseViewController.swift */; };
		013779192AAEE11E0055733F /* AppDelegate.swift in Sources */ = {isa = PBXBuildFile; fileRef = 013779182AAEE11E0055733F /* AppDelegate.swift */; };
		0137791B2AAEE11E0055733F /* SceneDelegate.swift in Sources */ = {isa = PBXBuildFile; fileRef = 0137791A2AAEE11E0055733F /* SceneDelegate.swift */; };
		0137791D2AAEE11E0055733F /* LoginViewController.swift in Sources */ = {isa = PBXBuildFile; fileRef = 0137791C2AAEE11E0055733F /* LoginViewController.swift */; };
		013779222AAEE11F0055733F /* Assets.xcassets in Resources */ = {isa = PBXBuildFile; fileRef = 013779212AAEE11F0055733F /* Assets.xcassets */; };
		013779252AAEE11F0055733F /* LaunchScreen.storyboard in Resources */ = {isa = PBXBuildFile; fileRef = 013779232AAEE11F0055733F /* LaunchScreen.storyboard */; };
		0137792E2AAEE2290055733F /* SnapKit in Frameworks */ = {isa = PBXBuildFile; productRef = 0137792D2AAEE2290055733F /* SnapKit */; };
		013779382AAEE2A30055733F /* MainViewController.swift in Sources */ = {isa = PBXBuildFile; fileRef = 013779372AAEE2A30055733F /* MainViewController.swift */; };
		0137793E2AAEE7B40055733F /* InsetTextField.swift in Sources */ = {isa = PBXBuildFile; fileRef = 0137793D2AAEE7B40055733F /* InsetTextField.swift */; };
		013779402AAEE7E40055733F /* UIColor+Extension.swift in Sources */ = {isa = PBXBuildFile; fileRef = 0137793F2AAEE7E40055733F /* UIColor+Extension.swift */; };
		013779422AAEE7FA0055733F /* UITextField+Extension.swift in Sources */ = {isa = PBXBuildFile; fileRef = 013779412AAEE7FA0055733F /* UITextField+Extension.swift */; };
		017FDEAF2B072FCE0039E4AC /* MapViewController.swift in Sources */ = {isa = PBXBuildFile; fileRef = 017FDEAE2B072FCE0039E4AC /* MapViewController.swift */; };
		017FDEB52B1071040039E4AC /* NearHospitalViewController.swift in Sources */ = {isa = PBXBuildFile; fileRef = 017FDEB42B1071040039E4AC /* NearHospitalViewController.swift */; };
		017FDEB72B10718C0039E4AC /* NearHospitalCollectionViewCell.swift in Sources */ = {isa = PBXBuildFile; fileRef = 017FDEB62B10718C0039E4AC /* NearHospitalCollectionViewCell.swift */; };
		017FDEB92B19A5020039E4AC /* RecommendMedicineViewController.swift in Sources */ = {isa = PBXBuildFile; fileRef = 017FDEB82B19A5020039E4AC /* RecommendMedicineViewController.swift */; };
		017FDEBB2B19A56B0039E4AC /* RecommendMedicineCollectionViewCell.swift in Sources */ = {isa = PBXBuildFile; fileRef = 017FDEBA2B19A56B0039E4AC /* RecommendMedicineCollectionViewCell.swift */; };
		017FDEBD2B19AFB00039E4AC /* DetailMedicineViewController.swift in Sources */ = {isa = PBXBuildFile; fileRef = 017FDEBC2B19AFB00039E4AC /* DetailMedicineViewController.swift */; };
		01F944F02AEB9E7100FE9AB1 /* SurveySexViewController.swift in Sources */ = {isa = PBXBuildFile; fileRef = 01F944EF2AEB9E7100FE9AB1 /* SurveySexViewController.swift */; };
		01F944F22AEBA20A00FE9AB1 /* SurveySkinViewController.swift in Sources */ = {isa = PBXBuildFile; fileRef = 01F944F12AEBA20A00FE9AB1 /* SurveySkinViewController.swift */; };
		189382301BB90DE1D01E8D37 /* Pods_CapStone.framework in Frameworks */ = {isa = PBXBuildFile; fileRef = D1A9D3384B4FE16175DC169B /* Pods_CapStone.framework */; };
/* End PBXBuildFile section */

/* Begin PBXFileReference section */
		0130E0742B203FF80072AC62 /* LearningModel.swift */ = {isa = PBXFileReference; lastKnownFileType = sourcecode.swift; path = LearningModel.swift; sourceTree = "<group>"; };
		013747D92AF7B69F002C3DE4 /* LearningViewController.swift */ = {isa = PBXFileReference; lastKnownFileType = sourcecode.swift; path = LearningViewController.swift; sourceTree = "<group>"; };
		013747DB2AF8B629002C3DE4 /* ResultViewController.swift */ = {isa = PBXFileReference; lastKnownFileType = sourcecode.swift; path = ResultViewController.swift; sourceTree = "<group>"; };
		013747DF2AFCA40D002C3DE4 /* DetailDiseaseViewController.swift */ = {isa = PBXFileReference; lastKnownFileType = sourcecode.swift; path = DetailDiseaseViewController.swift; sourceTree = "<group>"; };
		013779152AAEE11E0055733F /* CapStone.app */ = {isa = PBXFileReference; explicitFileType = wrapper.application; includeInIndex = 0; path = CapStone.app; sourceTree = BUILT_PRODUCTS_DIR; };
		013779182AAEE11E0055733F /* AppDelegate.swift */ = {isa = PBXFileReference; lastKnownFileType = sourcecode.swift; path = AppDelegate.swift; sourceTree = "<group>"; };
		0137791A2AAEE11E0055733F /* SceneDelegate.swift */ = {isa = PBXFileReference; lastKnownFileType = sourcecode.swift; path = SceneDelegate.swift; sourceTree = "<group>"; };
		0137791C2AAEE11E0055733F /* LoginViewController.swift */ = {isa = PBXFileReference; lastKnownFileType = sourcecode.swift; path = LoginViewController.swift; sourceTree = "<group>"; };
		013779212AAEE11F0055733F /* Assets.xcassets */ = {isa = PBXFileReference; lastKnownFileType = folder.assetcatalog; path = Assets.xcassets; sourceTree = "<group>"; };
		013779242AAEE11F0055733F /* Base */ = {isa = PBXFileReference; lastKnownFileType = file.storyboard; name = Base; path = Base.lproj/LaunchScreen.storyboard; sourceTree = "<group>"; };
		013779262AAEE11F0055733F /* Info.plist */ = {isa = PBXFileReference; lastKnownFileType = text.plist.xml; path = Info.plist; sourceTree = "<group>"; };
		013779372AAEE2A30055733F /* MainViewController.swift */ = {isa = PBXFileReference; lastKnownFileType = sourcecode.swift; path = MainViewController.swift; sourceTree = "<group>"; };
		0137793D2AAEE7B40055733F /* InsetTextField.swift */ = {isa = PBXFileReference; lastKnownFileType = sourcecode.swift; path = InsetTextField.swift; sourceTree = "<group>"; };
		0137793F2AAEE7E40055733F /* UIColor+Extension.swift */ = {isa = PBXFileReference; lastKnownFileType = sourcecode.swift; path = "UIColor+Extension.swift"; sourceTree = "<group>"; };
		013779412AAEE7FA0055733F /* UITextField+Extension.swift */ = {isa = PBXFileReference; lastKnownFileType = sourcecode.swift; path = "UITextField+Extension.swift"; sourceTree = "<group>"; };
		017FDEAE2B072FCE0039E4AC /* MapViewController.swift */ = {isa = PBXFileReference; lastKnownFileType = sourcecode.swift; path = MapViewController.swift; sourceTree = "<group>"; };
		017FDEB42B1071040039E4AC /* NearHospitalViewController.swift */ = {isa = PBXFileReference; lastKnownFileType = sourcecode.swift; path = NearHospitalViewController.swift; sourceTree = "<group>"; };
		017FDEB62B10718C0039E4AC /* NearHospitalCollectionViewCell.swift */ = {isa = PBXFileReference; lastKnownFileType = sourcecode.swift; path = NearHospitalCollectionViewCell.swift; sourceTree = "<group>"; };
		017FDEB82B19A5020039E4AC /* RecommendMedicineViewController.swift */ = {isa = PBXFileReference; lastKnownFileType = sourcecode.swift; path = RecommendMedicineViewController.swift; sourceTree = "<group>"; };
		017FDEBA2B19A56B0039E4AC /* RecommendMedicineCollectionViewCell.swift */ = {isa = PBXFileReference; lastKnownFileType = sourcecode.swift; path = RecommendMedicineCollectionViewCell.swift; sourceTree = "<group>"; };
		017FDEBC2B19AFB00039E4AC /* DetailMedicineViewController.swift */ = {isa = PBXFileReference; lastKnownFileType = sourcecode.swift; path = DetailMedicineViewController.swift; sourceTree = "<group>"; };
		01F944EF2AEB9E7100FE9AB1 /* SurveySexViewController.swift */ = {isa = PBXFileReference; lastKnownFileType = sourcecode.swift; path = SurveySexViewController.swift; sourceTree = "<group>"; };
		01F944F12AEBA20A00FE9AB1 /* SurveySkinViewController.swift */ = {isa = PBXFileReference; lastKnownFileType = sourcecode.swift; path = SurveySkinViewController.swift; sourceTree = "<group>"; };
		77ED158C86C5E64D770283F0 /* Pods-CapStone.release.xcconfig */ = {isa = PBXFileReference; includeInIndex = 1; lastKnownFileType = text.xcconfig; name = "Pods-CapStone.release.xcconfig"; path = "Target Support Files/Pods-CapStone/Pods-CapStone.release.xcconfig"; sourceTree = "<group>"; };
		C20FCEDC059FB9547C1A7495 /* Pods-CapStone.debug.xcconfig */ = {isa = PBXFileReference; includeInIndex = 1; lastKnownFileType = text.xcconfig; name = "Pods-CapStone.debug.xcconfig"; path = "Target Support Files/Pods-CapStone/Pods-CapStone.debug.xcconfig"; sourceTree = "<group>"; };
		D1A9D3384B4FE16175DC169B /* Pods_CapStone.framework */ = {isa = PBXFileReference; explicitFileType = wrapper.framework; includeInIndex = 0; path = Pods_CapStone.framework; sourceTree = BUILT_PRODUCTS_DIR; };
/* End PBXFileReference section */

/* Begin PBXFrameworksBuildPhase section */
		013779122AAEE11E0055733F /* Frameworks */ = {
			isa = PBXFrameworksBuildPhase;
			buildActionMask = 2147483647;
			files = (
				0137792E2AAEE2290055733F /* SnapKit in Frameworks */,
				189382301BB90DE1D01E8D37 /* Pods_CapStone.framework in Frameworks */,
			);
			runOnlyForDeploymentPostprocessing = 0;
		};
/* End PBXFrameworksBuildPhase section */

/* Begin PBXGroup section */
		0130E0712B203FB70072AC62 /* Models */ = {
			isa = PBXGroup;
			children = (
				0130E0742B203FF80072AC62 /* LearningModel.swift */,
			);
			path = Models;
			sourceTree = "<group>";
		};
		0130E0722B203FC40072AC62 /* VCs */ = {
			isa = PBXGroup;
			children = (
				0137791C2AAEE11E0055733F /* LoginViewController.swift */,
				013779372AAEE2A30055733F /* MainViewController.swift */,
				01F944EF2AEB9E7100FE9AB1 /* SurveySexViewController.swift */,
				01F944F12AEBA20A00FE9AB1 /* SurveySkinViewController.swift */,
				013747D92AF7B69F002C3DE4 /* LearningViewController.swift */,
				013747DB2AF8B629002C3DE4 /* ResultViewController.swift */,
				013747DF2AFCA40D002C3DE4 /* DetailDiseaseViewController.swift */,
				017FDEAE2B072FCE0039E4AC /* MapViewController.swift */,
				017FDEB42B1071040039E4AC /* NearHospitalViewController.swift */,
				017FDEB82B19A5020039E4AC /* RecommendMedicineViewController.swift */,
				017FDEBC2B19AFB00039E4AC /* DetailMedicineViewController.swift */,
			);
			path = VCs;
			sourceTree = "<group>";
		};
		0130E0732B203FD60072AC62 /* Cells */ = {
			isa = PBXGroup;
			children = (
				017FDEB62B10718C0039E4AC /* NearHospitalCollectionViewCell.swift */,
				017FDEBA2B19A56B0039E4AC /* RecommendMedicineCollectionViewCell.swift */,
			);
			path = Cells;
			sourceTree = "<group>";
		};
		013747DD2AFB780B002C3DE4 /* Resources */ = {
			isa = PBXGroup;
			children = (
				013779392AAEE4E00055733F /* Extension */,
				013779212AAEE11F0055733F /* Assets.xcassets */,
				013779182AAEE11E0055733F /* AppDelegate.swift */,
				0137791A2AAEE11E0055733F /* SceneDelegate.swift */,
			);
			path = Resources;
			sourceTree = "<group>";
		};
		013747DE2AFB7875002C3DE4 /* Sources */ = {
			isa = PBXGroup;
			children = (
				0130E0732B203FD60072AC62 /* Cells */,
				0130E0722B203FC40072AC62 /* VCs */,
				0130E0712B203FB70072AC62 /* Models */,
			);
			path = Sources;
			sourceTree = "<group>";
		};
		0137790C2AAEE11E0055733F = {
			isa = PBXGroup;
			children = (
				013779172AAEE11E0055733F /* CapStone */,
				013779162AAEE11E0055733F /* Products */,
				8778F155A7015BD4C0EDAA71 /* Pods */,
				4C59EFC6506FDDA03B559B2F /* Frameworks */,
			);
			sourceTree = "<group>";
		};
		013779162AAEE11E0055733F /* Products */ = {
			isa = PBXGroup;
			children = (
				013779152AAEE11E0055733F /* CapStone.app */,
			);
			name = Products;
			sourceTree = "<group>";
		};
		013779172AAEE11E0055733F /* CapStone */ = {
			isa = PBXGroup;
			children = (
				013747DE2AFB7875002C3DE4 /* Sources */,
				013747DD2AFB780B002C3DE4 /* Resources */,
				013779232AAEE11F0055733F /* LaunchScreen.storyboard */,
				013779262AAEE11F0055733F /* Info.plist */,
			);
			path = CapStone;
			sourceTree = "<group>";
		};
		013779392AAEE4E00055733F /* Extension */ = {
			isa = PBXGroup;
			children = (
				0137793D2AAEE7B40055733F /* InsetTextField.swift */,
				0137793F2AAEE7E40055733F /* UIColor+Extension.swift */,
				013779412AAEE7FA0055733F /* UITextField+Extension.swift */,
			);
			path = Extension;
			sourceTree = "<group>";
		};
		4C59EFC6506FDDA03B559B2F /* Frameworks */ = {
			isa = PBXGroup;
			children = (
				D1A9D3384B4FE16175DC169B /* Pods_CapStone.framework */,
			);
			name = Frameworks;
			sourceTree = "<group>";
		};
		8778F155A7015BD4C0EDAA71 /* Pods */ = {
			isa = PBXGroup;
			children = (
				C20FCEDC059FB9547C1A7495 /* Pods-CapStone.debug.xcconfig */,
				77ED158C86C5E64D770283F0 /* Pods-CapStone.release.xcconfig */,
			);
			path = Pods;
			sourceTree = "<group>";
		};
/* End PBXGroup section */

/* Begin PBXNativeTarget section */
		013779142AAEE11E0055733F /* CapStone */ = {
			isa = PBXNativeTarget;
			buildConfigurationList = 013779292AAEE11F0055733F /* Build configuration list for PBXNativeTarget "CapStone" */;
			buildPhases = (
				8BFC55140A5813C587777561 /* [CP] Check Pods Manifest.lock */,
				013779112AAEE11E0055733F /* Sources */,
				013779122AAEE11E0055733F /* Frameworks */,
				013779132AAEE11E0055733F /* Resources */,
				11F247817A046A71DA4DA130 /* [CP] Embed Pods Frameworks */,
			);
			buildRules = (
			);
			dependencies = (
			);
			name = CapStone;
			packageProductDependencies = (
				0137792D2AAEE2290055733F /* SnapKit */,
			);
			productName = CapStone;
			productReference = 013779152AAEE11E0055733F /* CapStone.app */;
			productType = "com.apple.product-type.application";
		};
/* End PBXNativeTarget section */

/* Begin PBXProject section */
		0137790D2AAEE11E0055733F /* Project object */ = {
			isa = PBXProject;
			attributes = {
				BuildIndependentTargetsInParallel = 1;
				LastSwiftUpdateCheck = 1430;
				LastUpgradeCheck = 1430;
				TargetAttributes = {
					013779142AAEE11E0055733F = {
						CreatedOnToolsVersion = 14.3.1;
					};
				};
			};
			buildConfigurationList = 013779102AAEE11E0055733F /* Build configuration list for PBXProject "CapStone" */;
			compatibilityVersion = "Xcode 14.0";
			developmentRegion = en;
			hasScannedForEncodings = 0;
			knownRegions = (
				en,
				Base,
			);
			mainGroup = 0137790C2AAEE11E0055733F;
			packageReferences = (
				0137792C2AAEE2290055733F /* XCRemoteSwiftPackageReference "SnapKit" */,
			);
			productRefGroup = 013779162AAEE11E0055733F /* Products */;
			projectDirPath = "";
			projectRoot = "";
			targets = (
				013779142AAEE11E0055733F /* CapStone */,
			);
		};
/* End PBXProject section */

/* Begin PBXResourcesBuildPhase section */
		013779132AAEE11E0055733F /* Resources */ = {
			isa = PBXResourcesBuildPhase;
			buildActionMask = 2147483647;
			files = (
				013779252AAEE11F0055733F /* LaunchScreen.storyboard in Resources */,
				013779222AAEE11F0055733F /* Assets.xcassets in Resources */,
			);
			runOnlyForDeploymentPostprocessing = 0;
		};
/* End PBXResourcesBuildPhase section */

/* Begin PBXShellScriptBuildPhase section */
		11F247817A046A71DA4DA130 /* [CP] Embed Pods Frameworks */ = {
			isa = PBXShellScriptBuildPhase;
			buildActionMask = 2147483647;
			files = (
			);
			inputFileListPaths = (
				"${PODS_ROOT}/Target Support Files/Pods-CapStone/Pods-CapStone-frameworks-${CONFIGURATION}-input-files.xcfilelist",
			);
			name = "[CP] Embed Pods Frameworks";
			outputFileListPaths = (
				"${PODS_ROOT}/Target Support Files/Pods-CapStone/Pods-CapStone-frameworks-${CONFIGURATION}-output-files.xcfilelist",
			);
			runOnlyForDeploymentPostprocessing = 0;
			shellPath = /bin/sh;
			shellScript = "\"${PODS_ROOT}/Target Support Files/Pods-CapStone/Pods-CapStone-frameworks.sh\"\n";
			showEnvVarsInLog = 0;
		};
		8BFC55140A5813C587777561 /* [CP] Check Pods Manifest.lock */ = {
			isa = PBXShellScriptBuildPhase;
			buildActionMask = 2147483647;
			files = (
			);
			inputFileListPaths = (
			);
			inputPaths = (
				"${PODS_PODFILE_DIR_PATH}/Podfile.lock",
				"${PODS_ROOT}/Manifest.lock",
			);
			name = "[CP] Check Pods Manifest.lock";
			outputFileListPaths = (
			);
			outputPaths = (
				"$(DERIVED_FILE_DIR)/Pods-CapStone-checkManifestLockResult.txt",
			);
			runOnlyForDeploymentPostprocessing = 0;
			shellPath = /bin/sh;
			shellScript = "diff \"${PODS_PODFILE_DIR_PATH}/Podfile.lock\" \"${PODS_ROOT}/Manifest.lock\" > /dev/null\nif [ $? != 0 ] ; then\n    # print error to STDERR\n    echo \"error: The sandbox is not in sync with the Podfile.lock. Run 'pod install' or update your CocoaPods installation.\" >&2\n    exit 1\nfi\n# This output is used by Xcode 'outputs' to avoid re-running this script phase.\necho \"SUCCESS\" > \"${SCRIPT_OUTPUT_FILE_0}\"\n";
			showEnvVarsInLog = 0;
		};
/* End PBXShellScriptBuildPhase section */

/* Begin PBXSourcesBuildPhase section */
		013779112AAEE11E0055733F /* Sources */ = {
			isa = PBXSourcesBuildPhase;
			buildActionMask = 2147483647;
			files = (
				013779422AAEE7FA0055733F /* UITextField+Extension.swift in Sources */,
				017FDEBD2B19AFB00039E4AC /* DetailMedicineViewController.swift in Sources */,
				013779382AAEE2A30055733F /* MainViewController.swift in Sources */,
				013747DA2AF7B69F002C3DE4 /* LearningViewController.swift in Sources */,
				0137793E2AAEE7B40055733F /* InsetTextField.swift in Sources */,
				0137791D2AAEE11E0055733F /* LoginViewController.swift in Sources */,
				013779402AAEE7E40055733F /* UIColor+Extension.swift in Sources */,
				017FDEB52B1071040039E4AC /* NearHospitalViewController.swift in Sources */,
				017FDEB92B19A5020039E4AC /* RecommendMedicineViewController.swift in Sources */,
				017FDEB72B10718C0039E4AC /* NearHospitalCollectionViewCell.swift in Sources */,
				0130E0752B203FF80072AC62 /* LearningModel.swift in Sources */,
				017FDEAF2B072FCE0039E4AC /* MapViewController.swift in Sources */,
				01F944F02AEB9E7100FE9AB1 /* SurveySexViewController.swift in Sources */,
				013779192AAEE11E0055733F /* AppDelegate.swift in Sources */,
				013747E02AFCA40D002C3DE4 /* DetailDiseaseViewController.swift in Sources */,
				017FDEBB2B19A56B0039E4AC /* RecommendMedicineCollectionViewCell.swift in Sources */,
				01F944F22AEBA20A00FE9AB1 /* SurveySkinViewController.swift in Sources */,
				0137791B2AAEE11E0055733F /* SceneDelegate.swift in Sources */,
				013747DC2AF8B629002C3DE4 /* ResultViewController.swift in Sources */,
			);
			runOnlyForDeploymentPostprocessing = 0;
		};
/* End PBXSourcesBuildPhase section */

/* Begin PBXVariantGroup section */
		013779232AAEE11F0055733F /* LaunchScreen.storyboard */ = {
			isa = PBXVariantGroup;
			children = (
				013779242AAEE11F0055733F /* Base */,
			);
			name = LaunchScreen.storyboard;
			sourceTree = "<group>";
		};
/* End PBXVariantGroup section */

/* Begin XCBuildConfiguration section */
		013779272AAEE11F0055733F /* Debug */ = {
			isa = XCBuildConfiguration;
			buildSettings = {
				ALWAYS_SEARCH_USER_PATHS = NO;
				CLANG_ANALYZER_NONNULL = YES;
				CLANG_ANALYZER_NUMBER_OBJECT_CONVERSION = YES_AGGRESSIVE;
				CLANG_CXX_LANGUAGE_STANDARD = "gnu++20";
				CLANG_ENABLE_MODULES = YES;
				CLANG_ENABLE_OBJC_ARC = YES;
				CLANG_ENABLE_OBJC_WEAK = YES;
				CLANG_WARN_BLOCK_CAPTURE_AUTORELEASING = YES;
				CLANG_WARN_BOOL_CONVERSION = YES;
				CLANG_WARN_COMMA = YES;
				CLANG_WARN_CONSTANT_CONVERSION = YES;
				CLANG_WARN_DEPRECATED_OBJC_IMPLEMENTATIONS = YES;
				CLANG_WARN_DIRECT_OBJC_ISA_USAGE = YES_ERROR;
				CLANG_WARN_DOCUMENTATION_COMMENTS = YES;
				CLANG_WARN_EMPTY_BODY = YES;
				CLANG_WARN_ENUM_CONVERSION = YES;
				CLANG_WARN_INFINITE_RECURSION = YES;
				CLANG_WARN_INT_CONVERSION = YES;
				CLANG_WARN_NON_LITERAL_NULL_CONVERSION = YES;
				CLANG_WARN_OBJC_IMPLICIT_RETAIN_SELF = YES;
				CLANG_WARN_OBJC_LITERAL_CONVERSION = YES;
				CLANG_WARN_OBJC_ROOT_CLASS = YES_ERROR;
				CLANG_WARN_QUOTED_INCLUDE_IN_FRAMEWORK_HEADER = YES;
				CLANG_WARN_RANGE_LOOP_ANALYSIS = YES;
				CLANG_WARN_STRICT_PROTOTYPES = YES;
				CLANG_WARN_SUSPICIOUS_MOVE = YES;
				CLANG_WARN_UNGUARDED_AVAILABILITY = YES_AGGRESSIVE;
				CLANG_WARN_UNREACHABLE_CODE = YES;
				CLANG_WARN__DUPLICATE_METHOD_MATCH = YES;
				COPY_PHASE_STRIP = NO;
				DEBUG_INFORMATION_FORMAT = dwarf;
				ENABLE_STRICT_OBJC_MSGSEND = YES;
				ENABLE_TESTABILITY = YES;
				GCC_C_LANGUAGE_STANDARD = gnu11;
				GCC_DYNAMIC_NO_PIC = NO;
				GCC_NO_COMMON_BLOCKS = YES;
				GCC_OPTIMIZATION_LEVEL = 0;
				GCC_PREPROCESSOR_DEFINITIONS = (
					"DEBUG=1",
					"$(inherited)",
				);
				GCC_WARN_64_TO_32_BIT_CONVERSION = YES;
				GCC_WARN_ABOUT_RETURN_TYPE = YES_ERROR;
				GCC_WARN_UNDECLARED_SELECTOR = YES;
				GCC_WARN_UNINITIALIZED_AUTOS = YES_AGGRESSIVE;
				GCC_WARN_UNUSED_FUNCTION = YES;
				GCC_WARN_UNUSED_VARIABLE = YES;
				IPHONEOS_DEPLOYMENT_TARGET = 16.4;
				MTL_ENABLE_DEBUG_INFO = INCLUDE_SOURCE;
				MTL_FAST_MATH = YES;
				ONLY_ACTIVE_ARCH = YES;
				SDKROOT = iphoneos;
				SWIFT_ACTIVE_COMPILATION_CONDITIONS = DEBUG;
				SWIFT_OPTIMIZATION_LEVEL = "-Onone";
			};
			name = Debug;
		};
		013779282AAEE11F0055733F /* Release */ = {
			isa = XCBuildConfiguration;
			buildSettings = {
				ALWAYS_SEARCH_USER_PATHS = NO;
				CLANG_ANALYZER_NONNULL = YES;
				CLANG_ANALYZER_NUMBER_OBJECT_CONVERSION = YES_AGGRESSIVE;
				CLANG_CXX_LANGUAGE_STANDARD = "gnu++20";
				CLANG_ENABLE_MODULES = YES;
				CLANG_ENABLE_OBJC_ARC = YES;
				CLANG_ENABLE_OBJC_WEAK = YES;
				CLANG_WARN_BLOCK_CAPTURE_AUTORELEASING = YES;
				CLANG_WARN_BOOL_CONVERSION = YES;
				CLANG_WARN_COMMA = YES;
				CLANG_WARN_CONSTANT_CONVERSION = YES;
				CLANG_WARN_DEPRECATED_OBJC_IMPLEMENTATIONS = YES;
				CLANG_WARN_DIRECT_OBJC_ISA_USAGE = YES_ERROR;
				CLANG_WARN_DOCUMENTATION_COMMENTS = YES;
				CLANG_WARN_EMPTY_BODY = YES;
				CLANG_WARN_ENUM_CONVERSION = YES;
				CLANG_WARN_INFINITE_RECURSION = YES;
				CLANG_WARN_INT_CONVERSION = YES;
				CLANG_WARN_NON_LITERAL_NULL_CONVERSION = YES;
				CLANG_WARN_OBJC_IMPLICIT_RETAIN_SELF = YES;
				CLANG_WARN_OBJC_LITERAL_CONVERSION = YES;
				CLANG_WARN_OBJC_ROOT_CLASS = YES_ERROR;
				CLANG_WARN_QUOTED_INCLUDE_IN_FRAMEWORK_HEADER = YES;
				CLANG_WARN_RANGE_LOOP_ANALYSIS = YES;
				CLANG_WARN_STRICT_PROTOTYPES = YES;
				CLANG_WARN_SUSPICIOUS_MOVE = YES;
				CLANG_WARN_UNGUARDED_AVAILABILITY = YES_AGGRESSIVE;
				CLANG_WARN_UNREACHABLE_CODE = YES;
				CLANG_WARN__DUPLICATE_METHOD_MATCH = YES;
				COPY_PHASE_STRIP = NO;
				DEBUG_INFORMATION_FORMAT = "dwarf-with-dsym";
				ENABLE_NS_ASSERTIONS = NO;
				ENABLE_STRICT_OBJC_MSGSEND = YES;
				GCC_C_LANGUAGE_STANDARD = gnu11;
				GCC_NO_COMMON_BLOCKS = YES;
				GCC_WARN_64_TO_32_BIT_CONVERSION = YES;
				GCC_WARN_ABOUT_RETURN_TYPE = YES_ERROR;
				GCC_WARN_UNDECLARED_SELECTOR = YES;
				GCC_WARN_UNINITIALIZED_AUTOS = YES_AGGRESSIVE;
				GCC_WARN_UNUSED_FUNCTION = YES;
				GCC_WARN_UNUSED_VARIABLE = YES;
				IPHONEOS_DEPLOYMENT_TARGET = 16.4;
				MTL_ENABLE_DEBUG_INFO = NO;
				MTL_FAST_MATH = YES;
				SDKROOT = iphoneos;
				SWIFT_COMPILATION_MODE = wholemodule;
				SWIFT_OPTIMIZATION_LEVEL = "-O";
				VALIDATE_PRODUCT = YES;
			};
			name = Release;
		};
		0137792A2AAEE11F0055733F /* Debug */ = {
			isa = XCBuildConfiguration;
			baseConfigurationReference = C20FCEDC059FB9547C1A7495 /* Pods-CapStone.debug.xcconfig */;
			buildSettings = {
				ASSETCATALOG_COMPILER_APPICON_NAME = AppIcon;
				ASSETCATALOG_COMPILER_GLOBAL_ACCENT_COLOR_NAME = AccentColor;
				CODE_SIGN_STYLE = Automatic;
				CURRENT_PROJECT_VERSION = 1;
				DEVELOPMENT_TEAM = 7S6PH8TVFD;
				GENERATE_INFOPLIST_FILE = YES;
				INFOPLIST_FILE = CapStone/Info.plist;
				INFOPLIST_KEY_NSCameraUsageDescription = "카메라 권한을 허용하시겠습니까?";
				INFOPLIST_KEY_UIApplicationSupportsIndirectInputEvents = YES;
				INFOPLIST_KEY_UILaunchStoryboardName = LaunchScreen;
				INFOPLIST_KEY_UIStatusBarStyle = UIStatusBarStyleDarkContent;
				INFOPLIST_KEY_UISupportedInterfaceOrientations_iPad = "UIInterfaceOrientationPortrait UIInterfaceOrientationPortraitUpsideDown UIInterfaceOrientationLandscapeLeft UIInterfaceOrientationLandscapeRight";
				INFOPLIST_KEY_UISupportedInterfaceOrientations_iPhone = "UIInterfaceOrientationPortrait UIInterfaceOrientationLandscapeLeft UIInterfaceOrientationLandscapeRight";
				LD_RUNPATH_SEARCH_PATHS = (
					"$(inherited)",
					"@executable_path/Frameworks",
				);
				MARKETING_VERSION = 1.0;
				PRODUCT_BUNDLE_IDENTIFIER = com.seokho.CapStone;
				PRODUCT_NAME = "$(TARGET_NAME)";
				SWIFT_EMIT_LOC_STRINGS = YES;
				SWIFT_VERSION = 5.0;
				TARGETED_DEVICE_FAMILY = "1,2";
			};
			name = Debug;
		};
		0137792B2AAEE11F0055733F /* Release */ = {
			isa = XCBuildConfiguration;
			baseConfigurationReference = 77ED158C86C5E64D770283F0 /* Pods-CapStone.release.xcconfig */;
			buildSettings = {
				ASSETCATALOG_COMPILER_APPICON_NAME = AppIcon;
				ASSETCATALOG_COMPILER_GLOBAL_ACCENT_COLOR_NAME = AccentColor;
				CODE_SIGN_STYLE = Automatic;
				CURRENT_PROJECT_VERSION = 1;
				DEVELOPMENT_TEAM = 7S6PH8TVFD;
				GENERATE_INFOPLIST_FILE = YES;
				INFOPLIST_FILE = CapStone/Info.plist;
				INFOPLIST_KEY_NSCameraUsageDescription = "카메라 권한을 허용하시겠습니까?";
				INFOPLIST_KEY_UIApplicationSupportsIndirectInputEvents = YES;
				INFOPLIST_KEY_UILaunchStoryboardName = LaunchScreen;
				INFOPLIST_KEY_UIStatusBarStyle = UIStatusBarStyleDarkContent;
				INFOPLIST_KEY_UISupportedInterfaceOrientations_iPad = "UIInterfaceOrientationPortrait UIInterfaceOrientationPortraitUpsideDown UIInterfaceOrientationLandscapeLeft UIInterfaceOrientationLandscapeRight";
				INFOPLIST_KEY_UISupportedInterfaceOrientations_iPhone = "UIInterfaceOrientationPortrait UIInterfaceOrientationLandscapeLeft UIInterfaceOrientationLandscapeRight";
				LD_RUNPATH_SEARCH_PATHS = (
					"$(inherited)",
					"@executable_path/Frameworks",
				);
				MARKETING_VERSION = 1.0;
				PRODUCT_BUNDLE_IDENTIFIER = com.seokho.CapStone;
				PRODUCT_NAME = "$(TARGET_NAME)";
				SWIFT_EMIT_LOC_STRINGS = YES;
				SWIFT_VERSION = 5.0;
				TARGETED_DEVICE_FAMILY = "1,2";
			};
			name = Release;
		};
/* End XCBuildConfiguration section */

/* Begin XCConfigurationList section */
		013779102AAEE11E0055733F /* Build configuration list for PBXProject "CapStone" */ = {
			isa = XCConfigurationList;
			buildConfigurations = (
				013779272AAEE11F0055733F /* Debug */,
				013779282AAEE11F0055733F /* Release */,
			);
			defaultConfigurationIsVisible = 0;
			defaultConfigurationName = Release;
		};
		013779292AAEE11F0055733F /* Build configuration list for PBXNativeTarget "CapStone" */ = {
			isa = XCConfigurationList;
			buildConfigurations = (
				0137792A2AAEE11F0055733F /* Debug */,
				0137792B2AAEE11F0055733F /* Release */,
			);
			defaultConfigurationIsVisible = 0;
			defaultConfigurationName = Release;
		};
/* End XCConfigurationList section */

/* Begin XCRemoteSwiftPackageReference section */
		0137792C2AAEE2290055733F /* XCRemoteSwiftPackageReference "SnapKit" */ = {
			isa = XCRemoteSwiftPackageReference;
			repositoryURL = "https://github.com/SnapKit/SnapKit";
			requirement = {
				kind = upToNextMajorVersion;
				minimumVersion = 5.0.0;
			};
		};
/* End XCRemoteSwiftPackageReference section */

/* Begin XCSwiftPackageProductDependency section */
		0137792D2AAEE2290055733F /* SnapKit */ = {
			isa = XCSwiftPackageProductDependency;
			package = 0137792C2AAEE2290055733F /* XCRemoteSwiftPackageReference "SnapKit" */;
			productName = SnapKit;
		};
/* End XCSwiftPackageProductDependency section */
	};
	rootObject = 0137790D2AAEE11E0055733F /* Project object */;
}
